# THIS IS AN AUTOGENERATED FILE. DO NOT EDIT THIS FILE DIRECTLY.
# yarn lockfile v1


"@calcit/procs@^0.4.16":
  version "0.4.16"
  resolved "https://registry.npmjs.org/@calcit/procs/-/procs-0.4.16.tgz#addf40975ae5754ddd9eb41a8447a6cb36effffa"
  integrity sha512-p5weafSY6gsb/CIQgHwFoG/NXASJWzpYAjcgCXID6+01jRB7zIMira5gMDxGkLDJ2DiPq0mBu0lFth0g6gWcJA==
  dependencies:
    "@calcit/ternary-tree" "0.0.16"
    "@cirru/parser.ts" "^0.0.3"
    "@cirru/writer.ts" "^0.1.3"

"@calcit/ternary-tree@0.0.16":
  version "0.0.16"
  resolved "https://registry.npmjs.org/@calcit/ternary-tree/-/ternary-tree-0.0.16.tgz#8932ab23fea3c3d13e61671b06ca3b38c2244736"
  integrity sha512-SsYe0qXRutmPKLvkDYydqQx+i5pDdlkkOAyGqyCHlcvknHj1oMEue4N0FBNN0VhgWxplCS5VXqMgSIL/rWktpA==

"@cirru/parser.ts@^0.0.3":
  version "0.0.3"
  resolved "https://registry.npmjs.org/@cirru/parser.ts/-/parser.ts-0.0.3.tgz#b0ba91ac9812631d0ac0b943922ebb4d04314066"
  integrity sha512-Tdj4yd2nL1vxUm9aKqmuclAIRbVm7K3WJEqAzDAnR7oL7Iygwt7JzquRakm8DbSuNFsW7gazDS7wNJF5iowEoQ==

"@cirru/writer.ts@^0.1.3":
  version "0.1.3"
  resolved "https://registry.npmjs.org/@cirru/writer.ts/-/writer.ts-0.1.3.tgz#5f54bdecaa20ba3dab16cbe6da711854138a9c0a"
  integrity sha512-vJnhmhm7we5UfQIwmZfQpF3bAFbVybzT6LbmkbQHxgijaQg3gPfNVsnSIa3g3KpmWVtvkzEx+nUy5aMwsJiV1A==

"@pixi/accessibility@5.3.0":
  version "5.3.0"
  resolved "https://registry.npm.taobao.org/@pixi/accessibility/download/@pixi/accessibility-5.3.0.tgz#fd6a4f1fe033c9dbadd699a019e7ede7f19df6b3"
  integrity sha1-/WpPH+Azydut1pmgGeft5/Gd9rM=
  dependencies:
    "@pixi/core" "5.3.0"
    "@pixi/display" "5.3.0"
    "@pixi/utils" "5.3.0"

"@pixi/app@5.3.0":
  version "5.3.0"
  resolved "https://registry.npm.taobao.org/@pixi/app/download/@pixi/app-5.3.0.tgz#97c2a5486f8e027e6a6441495a8196b6eb9cdc66"
  integrity sha1-l8KlSG+OAn5qZEFJWoGWtuuc3GY=
  dependencies:
    "@pixi/core" "5.3.0"
    "@pixi/display" "5.3.0"

"@pixi/constants@5.3.0":
  version "5.3.0"
  resolved "https://registry.npm.taobao.org/@pixi/constants/download/@pixi/constants-5.3.0.tgz#0d94426bf2cc5e12000f7c7cbc5241e9df70174c"
  integrity sha1-DZRCa/LMXhIAD3x8vFJB6d9wF0w=

"@pixi/core@5.3.0":
  version "5.3.0"
  resolved "https://registry.npm.taobao.org/@pixi/core/download/@pixi/core-5.3.0.tgz#65d051af50966f5188c68ac86886df586eaa6876"
  integrity sha1-ZdBRr1CWb1GIxorIaIbfWG6qaHY=
  dependencies:
    "@pixi/constants" "5.3.0"
    "@pixi/math" "5.3.0"
    "@pixi/runner" "5.3.0"
    "@pixi/settings" "5.3.0"
    "@pixi/ticker" "5.3.0"
    "@pixi/utils" "5.3.0"

"@pixi/display@5.3.0":
  version "5.3.0"
  resolved "https://registry.npm.taobao.org/@pixi/display/download/@pixi/display-5.3.0.tgz#0667b259c57ecb44772749421d1bc47bf7b2e361"
  integrity sha1-BmeyWcV+y0R3J0lCHRvEe/ey42E=
  dependencies:
    "@pixi/math" "5.3.0"
    "@pixi/settings" "5.3.0"
    "@pixi/utils" "5.3.0"

"@pixi/extract@5.3.0":
  version "5.3.0"
  resolved "https://registry.npm.taobao.org/@pixi/extract/download/@pixi/extract-5.3.0.tgz#99f1b77e50043dc01e4c3660d8c57e5c8b34e531"
  integrity sha1-mfG3flAEPcAeTDZg2MV+XIs05TE=
  dependencies:
    "@pixi/core" "5.3.0"
    "@pixi/math" "5.3.0"
    "@pixi/utils" "5.3.0"

"@pixi/filter-alpha@5.3.0":
  version "5.3.0"
  resolved "https://registry.npm.taobao.org/@pixi/filter-alpha/download/@pixi/filter-alpha-5.3.0.tgz#985ec33116dca860d0f7f480e333e08801c6b8c5"
  integrity sha1-mF7DMRbcqGDQ9/SA4zPgiAHGuMU=
  dependencies:
    "@pixi/core" "5.3.0"

"@pixi/filter-blur@5.3.0":
  version "5.3.0"
  resolved "https://registry.npm.taobao.org/@pixi/filter-blur/download/@pixi/filter-blur-5.3.0.tgz#adbd49e4c2ce8be0b3c5e9ee1853ff352d068120"
  integrity sha1-rb1J5MLOi+CzxenuGFP/NS0GgSA=
  dependencies:
    "@pixi/core" "5.3.0"
    "@pixi/settings" "5.3.0"

"@pixi/filter-color-matrix@5.3.0":
  version "5.3.0"
  resolved "https://registry.npm.taobao.org/@pixi/filter-color-matrix/download/@pixi/filter-color-matrix-5.3.0.tgz#b1fe75af978cd25288b5528eeba950f799259d24"
  integrity sha1-sf51r5eM0lKItVKO66lQ95klnSQ=
  dependencies:
    "@pixi/core" "5.3.0"

"@pixi/filter-displacement@5.3.0":
  version "5.3.0"
  resolved "https://registry.npm.taobao.org/@pixi/filter-displacement/download/@pixi/filter-displacement-5.3.0.tgz#3b09a4ee018f423c55e7c450e03479f20619259b"
  integrity sha1-Owmk7gGPQjxV58RQ4DR58gYZJZs=
  dependencies:
    "@pixi/core" "5.3.0"
    "@pixi/math" "5.3.0"

"@pixi/filter-fxaa@5.3.0":
  version "5.3.0"
  resolved "https://registry.npm.taobao.org/@pixi/filter-fxaa/download/@pixi/filter-fxaa-5.3.0.tgz#86481331d44715501709234432b15853a22d448c"
  integrity sha1-hkgTMdRHFVAXCSNEMrFYU6ItRIw=
  dependencies:
    "@pixi/core" "5.3.0"

"@pixi/filter-noise@5.3.0":
  version "5.3.0"
  resolved "https://registry.npm.taobao.org/@pixi/filter-noise/download/@pixi/filter-noise-5.3.0.tgz#19d103678dc2640ad4d6f3dfee3cdc719ddd5999"
  integrity sha1-GdEDZ43CZArU1vPf7jzccZ3dWZk=
  dependencies:
    "@pixi/core" "5.3.0"

"@pixi/graphics@5.3.0":
  version "5.3.0"
  resolved "https://registry.npm.taobao.org/@pixi/graphics/download/@pixi/graphics-5.3.0.tgz#18123fe4f0f9d2e5349817ed43a28c39a240c80e"
  integrity sha1-GBI/5PD50uU0mBftQ6KMOaJAyA4=
  dependencies:
    "@pixi/constants" "5.3.0"
    "@pixi/core" "5.3.0"
    "@pixi/display" "5.3.0"
    "@pixi/math" "5.3.0"
    "@pixi/sprite" "5.3.0"
    "@pixi/utils" "5.3.0"

"@pixi/interaction@5.3.0":
  version "5.3.0"
  resolved "https://registry.npm.taobao.org/@pixi/interaction/download/@pixi/interaction-5.3.0.tgz#f7920ec208771c7be3b956d70db47bf795d06102"
  integrity sha1-95IOwgh3HHvjuVbXDbR795XQYQI=
  dependencies:
    "@pixi/core" "5.3.0"
    "@pixi/display" "5.3.0"
    "@pixi/math" "5.3.0"
    "@pixi/ticker" "5.3.0"
    "@pixi/utils" "5.3.0"

"@pixi/loaders@5.3.0":
  version "5.3.0"
  resolved "https://registry.npm.taobao.org/@pixi/loaders/download/@pixi/loaders-5.3.0.tgz#44424edee635e1d6b597373f30181606f78b7f02"
  integrity sha1-REJO3uY14da1lzc/MBgWBveLfwI=
  dependencies:
    "@pixi/core" "5.3.0"
    "@pixi/utils" "5.3.0"
    resource-loader "^3.0.1"

"@pixi/math@5.3.0":
  version "5.3.0"
  resolved "https://registry.npm.taobao.org/@pixi/math/download/@pixi/math-5.3.0.tgz#5a72c641221a188365a9b385f68e56cd2c1d3b0d"
  integrity sha1-WnLGQSIaGINlqbOF9o5WzSwdOw0=

"@pixi/mesh-extras@5.3.0":
  version "5.3.0"
  resolved "https://registry.npm.taobao.org/@pixi/mesh-extras/download/@pixi/mesh-extras-5.3.0.tgz#77d19308033c8bf123dda04255341a4bb707fe5a"
  integrity sha1-d9GTCAM8i/Ej3aBCVTQaS7cH/lo=
  dependencies:
    "@pixi/constants" "5.3.0"
    "@pixi/core" "5.3.0"
    "@pixi/math" "5.3.0"
    "@pixi/mesh" "5.3.0"
    "@pixi/utils" "5.3.0"

"@pixi/mesh@5.3.0":
  version "5.3.0"
  resolved "https://registry.npm.taobao.org/@pixi/mesh/download/@pixi/mesh-5.3.0.tgz#9b4bf5e22cdc1cabc820ecfc6a6b4352eaac065e"
  integrity sha1-m0v14izcHKvIIOz8amtDUuqsBl4=
  dependencies:
    "@pixi/constants" "5.3.0"
    "@pixi/core" "5.3.0"
    "@pixi/display" "5.3.0"
    "@pixi/math" "5.3.0"
    "@pixi/settings" "5.3.0"
    "@pixi/utils" "5.3.0"

"@pixi/mixin-cache-as-bitmap@5.3.0":
  version "5.3.0"
  resolved "https://registry.npm.taobao.org/@pixi/mixin-cache-as-bitmap/download/@pixi/mixin-cache-as-bitmap-5.3.0.tgz#d63d010ce5143dc6e5b97a28aff672a17df28805"
  integrity sha1-1j0BDOUUPcbluXoor/ZyoX3yiAU=
  dependencies:
    "@pixi/core" "5.3.0"
    "@pixi/display" "5.3.0"
    "@pixi/math" "5.3.0"
    "@pixi/settings" "5.3.0"
    "@pixi/sprite" "5.3.0"
    "@pixi/utils" "5.3.0"

"@pixi/mixin-get-child-by-name@5.3.0":
  version "5.3.0"
  resolved "https://registry.npm.taobao.org/@pixi/mixin-get-child-by-name/download/@pixi/mixin-get-child-by-name-5.3.0.tgz#575edff4fff54afdd4a73b8654f5a05946f7dc86"
  integrity sha1-V17f9P/1Sv3UpzuGVPWgWUb33IY=
  dependencies:
    "@pixi/display" "5.3.0"

"@pixi/mixin-get-global-position@5.3.0":
  version "5.3.0"
  resolved "https://registry.npm.taobao.org/@pixi/mixin-get-global-position/download/@pixi/mixin-get-global-position-5.3.0.tgz#6baf1e9e2482c40441ab66f3850a0420ddb9b671"
  integrity sha1-a68eniSCxARBq2bzhQoEIN25tnE=
  dependencies:
    "@pixi/display" "5.3.0"
    "@pixi/math" "5.3.0"

"@pixi/particles@5.3.0":
  version "5.3.0"
  resolved "https://registry.npm.taobao.org/@pixi/particles/download/@pixi/particles-5.3.0.tgz#2cc03f0ba37f0e0fd5d531184250b625bee41bf5"
  integrity sha1-LMA/C6N/Dg/V1TEYQlC2Jb7kG/U=
  dependencies:
    "@pixi/constants" "5.3.0"
    "@pixi/core" "5.3.0"
    "@pixi/display" "5.3.0"
    "@pixi/math" "5.3.0"
    "@pixi/utils" "5.3.0"

"@pixi/polyfill@5.3.0":
  version "5.3.0"
  resolved "https://registry.npm.taobao.org/@pixi/polyfill/download/@pixi/polyfill-5.3.0.tgz#56a2aeaa6aaf34f92bec1bc9835a726373fe662a"
  integrity sha1-VqKuqmqvNPkr7BvJg1pyY3P+Zio=
  dependencies:
    es6-promise-polyfill "^1.2.0"
    object-assign "^4.1.1"

"@pixi/prepare@5.3.0":
  version "5.3.0"
  resolved "https://registry.npm.taobao.org/@pixi/prepare/download/@pixi/prepare-5.3.0.tgz#d1217ef286a9033e9063c0c82c775b341efc0776"
  integrity sha1-0SF+8oapAz6QY8DILHdbNB78B3Y=
  dependencies:
    "@pixi/core" "5.3.0"
    "@pixi/display" "5.3.0"
    "@pixi/graphics" "5.3.0"
    "@pixi/settings" "5.3.0"
    "@pixi/text" "5.3.0"
    "@pixi/ticker" "5.3.0"

"@pixi/runner@5.3.0":
  version "5.3.0"
  resolved "https://registry.npm.taobao.org/@pixi/runner/download/@pixi/runner-5.3.0.tgz#06499fe63cf89803409619bea52ca65e83c5f68c"
  integrity sha1-Bkmf5jz4mANAlhm+pSymXoPF9ow=

"@pixi/settings@5.3.0":
  version "5.3.0"
  resolved "https://registry.npm.taobao.org/@pixi/settings/download/@pixi/settings-5.3.0.tgz#437c4e1e38f718c0381fcaed44110ac388c41340"
  integrity sha1-Q3xOHjj3GMA4H8rtRBEKw4jEE0A=
  dependencies:
    ismobilejs "^1.1.0"

"@pixi/sprite-animated@5.3.0":
  version "5.3.0"
  resolved "https://registry.npm.taobao.org/@pixi/sprite-animated/download/@pixi/sprite-animated-5.3.0.tgz#3b915e77bbae1d15d02f7e9413e858129bf58dc3"
  integrity sha1-O5Fed7uuHRXQL36UE+hYEpv1jcM=
  dependencies:
    "@pixi/core" "5.3.0"
    "@pixi/sprite" "5.3.0"
    "@pixi/ticker" "5.3.0"

"@pixi/sprite-tiling@5.3.0":
  version "5.3.0"
  resolved "https://registry.npm.taobao.org/@pixi/sprite-tiling/download/@pixi/sprite-tiling-5.3.0.tgz#7e9c315004e15db994204aafef4c4f1949f233e6"
  integrity sha1-fpwxUAThXbmUIEqv70xPGUnyM+Y=
  dependencies:
    "@pixi/constants" "5.3.0"
    "@pixi/core" "5.3.0"
    "@pixi/display" "5.3.0"
    "@pixi/math" "5.3.0"
    "@pixi/sprite" "5.3.0"
    "@pixi/utils" "5.3.0"

"@pixi/sprite@5.3.0":
  version "5.3.0"
  resolved "https://registry.npm.taobao.org/@pixi/sprite/download/@pixi/sprite-5.3.0.tgz#b85fb246230f70cc41bddce521f62036e8dfd158"
  integrity sha1-uF+yRiMPcMxBvdzlIfYgNujf0Vg=
  dependencies:
    "@pixi/constants" "5.3.0"
    "@pixi/core" "5.3.0"
    "@pixi/display" "5.3.0"
    "@pixi/math" "5.3.0"
    "@pixi/settings" "5.3.0"
    "@pixi/utils" "5.3.0"

"@pixi/spritesheet@5.3.0":
  version "5.3.0"
  resolved "https://registry.npm.taobao.org/@pixi/spritesheet/download/@pixi/spritesheet-5.3.0.tgz#ecd16158231e6f6b0d4e4249e5eefe1b90e32939"
  integrity sha1-7NFhWCMeb2sNTkJJ5e7+G5DjKTk=
  dependencies:
    "@pixi/core" "5.3.0"
    "@pixi/loaders" "5.3.0"
    "@pixi/math" "5.3.0"
    "@pixi/utils" "5.3.0"

"@pixi/text-bitmap@5.3.0":
  version "5.3.0"
  resolved "https://registry.npm.taobao.org/@pixi/text-bitmap/download/@pixi/text-bitmap-5.3.0.tgz#7ca56bb660673f436efb4c32732f90981219a821"
  integrity sha1-fKVrtmBnP0Nu+0wycy+QmBIZqCE=
  dependencies:
    "@pixi/core" "5.3.0"
    "@pixi/display" "5.3.0"
    "@pixi/loaders" "5.3.0"
    "@pixi/math" "5.3.0"
    "@pixi/mesh" "5.3.0"
    "@pixi/settings" "5.3.0"
    "@pixi/text" "5.3.0"
    "@pixi/utils" "5.3.0"

"@pixi/text@5.3.0":
  version "5.3.0"
  resolved "https://registry.npm.taobao.org/@pixi/text/download/@pixi/text-5.3.0.tgz#ef88069cf9ce989e3acf9ecb400c41be24a233e4"
  integrity sha1-74gGnPnOmJ46z57LQAxBviSiM+Q=
  dependencies:
    "@pixi/core" "5.3.0"
    "@pixi/math" "5.3.0"
    "@pixi/settings" "5.3.0"
    "@pixi/sprite" "5.3.0"
    "@pixi/utils" "5.3.0"

"@pixi/ticker@5.3.0":
  version "5.3.0"
  resolved "https://registry.npm.taobao.org/@pixi/ticker/download/@pixi/ticker-5.3.0.tgz#bbd2a9f0bf1a3e120a57607c92c8058a6f9aa278"
  integrity sha1-u9Kp8L8aPhIKV2B8ksgFim+aong=
  dependencies:
    "@pixi/settings" "5.3.0"

"@pixi/utils@5.3.0":
  version "5.3.0"
  resolved "https://registry.npm.taobao.org/@pixi/utils/download/@pixi/utils-5.3.0.tgz#fb722c014b3536d498093db394311e4cbd8a5b37"
  integrity sha1-+3IsAUs1NtSYCT2zlDEeTL2KWzc=
  dependencies:
    "@pixi/constants" "5.3.0"
    "@pixi/settings" "5.3.0"
    earcut "^2.1.5"
    eventemitter3 "^3.1.0"
    url "^0.11.0"

"@quamolit/phlox-utils@^0.0.1":
  version "0.0.1"
  resolved "https://registry.npmjs.org/@quamolit/phlox-utils/-/phlox-utils-0.0.1.tgz#65c5c83999f6256baa0e4fb2f7c164e97da0c122"
  integrity sha512-AezlsYPwk3yyhoujM/qbMlJ5iu5q5WtxLv34DAcHdZAy5WYoYYMu1OOZH1AzW8tVwbmcmM2wniILgs4rQnI+kg==

colorette@^1.2.2:
  version "1.3.0"
  resolved "https://registry.npmjs.org/colorette/-/colorette-1.3.0.tgz#ff45d2f0edb244069d3b772adeb04fed38d0a0af"
  integrity sha512-ecORCqbSFP7Wm8Y6lyqMJjexBQqXSF7SSeaTyGGphogUjBlFP9m9o08wy86HL2uB7fMTxtOUzLMk7ogKcxMg1w==

dayjs@^1.8.29:
  version "1.8.29"
  resolved "https://registry.npm.taobao.org/dayjs/download/dayjs-1.8.29.tgz?cache=0&sync_timestamp=1593704488382&other_urls=https%3A%2F%2Fregistry.npm.taobao.org%2Fdayjs%2Fdownload%2Fdayjs-1.8.29.tgz#5d23e341de6bfbd206c01136d2fb0f01877820f5"
  integrity sha1-XSPjQd5r+9IGwBE20vsPAYd4IPU=

earcut@^2.1.5:
  version "2.2.2"
  resolved "https://registry.npm.taobao.org/earcut/download/earcut-2.2.2.tgz#41b0bc35f63e0fe80da7cddff28511e7e2e80d11"
  integrity sha1-QbC8NfY+D+gNp83f8oUR5+LoDRE=

es6-promise-polyfill@^1.2.0:
  version "1.2.0"
  resolved "https://registry.npm.taobao.org/es6-promise-polyfill/download/es6-promise-polyfill-1.2.0.tgz#f38925f23cb3e3e8ce6cda8ff774fcebbb090cde"
  integrity sha1-84kl8jyz4+jObNqP93T867sJDN4=

esbuild@^0.12.17:
  version "0.12.20"
  resolved "https://registry.npmjs.org/esbuild/-/esbuild-0.12.20.tgz#4d3c9d83c99a4031e027b42a4c398c23b6827cb0"
  integrity sha512-u7+0qTo9Z64MD9PhooEngCmzyEYJ6ovFhPp8PLNh3UasR5Ihjv6HWVXqm8uHmasdQlpsAf0IsY4U0YVUfCpt4Q==

eventemitter3@^3.1.0:
  version "3.1.2"
  resolved "https://registry.npm.taobao.org/eventemitter3/download/eventemitter3-3.1.2.tgz?cache=0&sync_timestamp=1589283105849&other_urls=https%3A%2F%2Fregistry.npm.taobao.org%2Feventemitter3%2Fdownload%2Feventemitter3-3.1.2.tgz#2d3d48f9c346698fce83a85d7d664e98535df6e7"
  integrity sha1-LT1I+cNGaY/Og6hdfWZOmFNd9uc=

fontfaceobserver@^2.1.0:
  version "2.1.0"
  resolved "https://registry.npm.taobao.org/fontfaceobserver/download/fontfaceobserver-2.1.0.tgz#e2705d293e2c585a6531c2a722905657317a2991"
  integrity sha1-4nBdKT4sWFplMcKnIpBWVzF6KZE=

fsevents@~2.3.2:
  version "2.3.2"
  resolved "https://registry.npmjs.org/fsevents/-/fsevents-2.3.2.tgz#8a526f78b8fdf4623b709e0b975c52c24c02fd1a"
  integrity sha512-xiqMQR4xAeHTuB9uWm+fFRcIOgKBMiOBP+eXiyT7jsgVCq1bkVygt00oASowB7EdtpOHaaPgKt812P9ab+DDKA==

function-bind@^1.1.1:
  version "1.1.1"
  resolved "https://registry.npmjs.org/function-bind/-/function-bind-1.1.1.tgz#a56899d3ea3c9bab874bb9773b7c5ede92f4895d"
  integrity sha512-yIovAzMX49sF8Yl58fSCWJ5svSLuaibPxXQJFLmBObTuCr0Mf1KiPopGM9NiFjiYBCbfaa2Fh6breQ6ANVTI0A==

has@^1.0.3:
  version "1.0.3"
  resolved "https://registry.npmjs.org/has/-/has-1.0.3.tgz#722d7cbfc1f6aa8241f16dd814e011e1f41e8796"
  integrity sha512-f2dvO0VU6Oej7RkWJGrehjbzMAjFp5/VKPp5tTpWIV4JHHZK1/BxbFRtf/siA2SWTe09caDmVtYYzWEIbBS4zw==
  dependencies:
    function-bind "^1.1.1"

is-core-module@^2.2.0:
  version "2.5.0"
  resolved "https://registry.npmjs.org/is-core-module/-/is-core-module-2.5.0.tgz#f754843617c70bfd29b7bd87327400cda5c18491"
  integrity sha512-TXCMSDsEHMEEZ6eCA8rwRDbLu55MRGmrctljsBX/2v1d9/GzqHOxW5c5oPSgrUt2vBFXebu9rGqckXGPWOlYpg==
  dependencies:
    has "^1.0.3"

ismobilejs@^1.1.0:
  version "1.1.1"
  resolved "https://registry.npm.taobao.org/ismobilejs/download/ismobilejs-1.1.1.tgz?cache=0&sync_timestamp=1586903819705&other_urls=https%3A%2F%2Fregistry.npm.taobao.org%2Fismobilejs%2Fdownload%2Fismobilejs-1.1.1.tgz#c56ca0ae8e52b24ca0f22ba5ef3215a2ddbbaa0e"
  integrity sha1-xWygro5Sskyg8iul7zIVot27qg4=

mini-signals@^1.2.0:
  version "1.2.0"
  resolved "https://registry.npm.taobao.org/mini-signals/download/mini-signals-1.2.0.tgz#45b08013c5fae51a24aa1a935cd317c9ed721d74"
  integrity sha1-RbCAE8X65RokqhqTXNMXye1yHXQ=

nanoid@^2.1.0:
  version "2.1.11"
  resolved "https://registry.npm.taobao.org/nanoid/download/nanoid-2.1.11.tgz?cache=0&sync_timestamp=1592015872325&other_urls=https%3A%2F%2Fregistry.npm.taobao.org%2Fnanoid%2Fdownload%2Fnanoid-2.1.11.tgz#ec24b8a758d591561531b4176a01e3ab4f0f0280"
  integrity sha1-7CS4p1jVkVYVMbQXagHjq08PAoA=

nanoid@^3.1.23:
  version "3.1.25"
  resolved "https://registry.npmjs.org/nanoid/-/nanoid-3.1.25.tgz#09ca32747c0e543f0e1814b7d3793477f9c8e152"
  integrity sha512-rdwtIXaXCLFAQbnfqDRnI6jaRHp9fTcYBjtFKE8eezcZ7LuLjhUaQGNeMXf1HmRoCH32CLz6XwX0TtxEOS/A3Q==

object-assign@^4.1.1:
  version "4.1.1"
  resolved "https://registry.npm.taobao.org/object-assign/download/object-assign-4.1.1.tgz#2109adc7965887cfc05cbbd442cac8bfbb360863"
  integrity sha1-IQmtx5ZYh8/AXLvUQsrIv7s2CGM=

parse-uri@^1.0.0:
  version "1.0.0"
  resolved "https://registry.npm.taobao.org/parse-uri/download/parse-uri-1.0.0.tgz#2872dcc22f1a797acde1583d8a0ac29552ddac20"
  integrity sha1-KHLcwi8aeXrN4Vg9igrClVLdrCA=

path-parse@^1.0.6:
  version "1.0.7"
  resolved "https://registry.npmjs.org/path-parse/-/path-parse-1.0.7.tgz#fbc114b60ca42b30d9daf5858e4bd68bbedb6735"
  integrity sha512-LDJzPVEEEPR+y48z93A0Ed0yXb8pAByGWo/k5YYdYgpY2/2EsOsksJrq7lOHxryrVOn1ejG6oAp8ahvOIQD8sw==

pixi.js@^5.3.0:
  version "5.3.0"
  resolved "https://registry.npm.taobao.org/pixi.js/download/pixi.js-5.3.0.tgz#5af9ae5d9195e26dae68d0c3118fb392b8796edf"
  integrity sha1-WvmuXZGV4m2uaNDDEY+zkrh5bt8=
  dependencies:
    "@pixi/accessibility" "5.3.0"
    "@pixi/app" "5.3.0"
    "@pixi/constants" "5.3.0"
    "@pixi/core" "5.3.0"
    "@pixi/display" "5.3.0"
    "@pixi/extract" "5.3.0"
    "@pixi/filter-alpha" "5.3.0"
    "@pixi/filter-blur" "5.3.0"
    "@pixi/filter-color-matrix" "5.3.0"
    "@pixi/filter-displacement" "5.3.0"
    "@pixi/filter-fxaa" "5.3.0"
    "@pixi/filter-noise" "5.3.0"
    "@pixi/graphics" "5.3.0"
    "@pixi/interaction" "5.3.0"
    "@pixi/loaders" "5.3.0"
    "@pixi/math" "5.3.0"
    "@pixi/mesh" "5.3.0"
    "@pixi/mesh-extras" "5.3.0"
    "@pixi/mixin-cache-as-bitmap" "5.3.0"
    "@pixi/mixin-get-child-by-name" "5.3.0"
    "@pixi/mixin-get-global-position" "5.3.0"
    "@pixi/particles" "5.3.0"
    "@pixi/polyfill" "5.3.0"
    "@pixi/prepare" "5.3.0"
    "@pixi/runner" "5.3.0"
    "@pixi/settings" "5.3.0"
    "@pixi/sprite" "5.3.0"
    "@pixi/sprite-animated" "5.3.0"
    "@pixi/sprite-tiling" "5.3.0"
    "@pixi/spritesheet" "5.3.0"
    "@pixi/text" "5.3.0"
    "@pixi/text-bitmap" "5.3.0"
    "@pixi/ticker" "5.3.0"
    "@pixi/utils" "5.3.0"

postcss@^8.3.6:
  version "8.3.6"
  resolved "https://registry.npmjs.org/postcss/-/postcss-8.3.6.tgz#2730dd76a97969f37f53b9a6096197be311cc4ea"
  integrity sha512-wG1cc/JhRgdqB6WHEuyLTedf3KIRuD0hG6ldkFEZNCjRxiC+3i6kkWUUbiJQayP28iwG35cEmAbe98585BYV0A==
  dependencies:
    colorette "^1.2.2"
    nanoid "^3.1.23"
    source-map-js "^0.6.2"

punycode@1.3.2:
  version "1.3.2"
  resolved "https://registry.npm.taobao.org/punycode/download/punycode-1.3.2.tgz#9653a036fb7c1ee42342f2325cceefea3926c48d"
  integrity sha1-llOgNvt8HuQjQvIyXM7v6jkmxI0=

querystring@0.2.0:
  version "0.2.0"
  resolved "https://registry.npm.taobao.org/querystring/download/querystring-0.2.0.tgz#b209849203bb25df820da756e747005878521620"
  integrity sha1-sgmEkgO7Jd+CDadW50cAWHhSFiA=

resolve@^1.20.0:
  version "1.20.0"
  resolved "https://registry.npmjs.org/resolve/-/resolve-1.20.0.tgz#629a013fb3f70755d6f0b7935cc1c2c5378b1975"
  integrity sha512-wENBPt4ySzg4ybFQW2TT1zMQucPK95HSh/nq2CFTZVOGut2+pQvSsgtda4d26YrYcr067wjbmzOG8byDPBX63A==
  dependencies:
    is-core-module "^2.2.0"
    path-parse "^1.0.6"

resource-loader@^3.0.1:
  version "3.0.1"
  resolved "https://registry.npm.taobao.org/resource-loader/download/resource-loader-3.0.1.tgz#33355bb5421e2994f59454bbc7f6dbff8df06d47"
  integrity sha1-MzVbtUIeKZT1lFS7x/bb/43wbUc=
  dependencies:
    mini-signals "^1.2.0"
    parse-uri "^1.0.0"

rollup@^2.38.5:
  version "2.56.2"
  resolved "https://registry.npmjs.org/rollup/-/rollup-2.56.2.tgz#a045ff3f6af53ee009b5f5016ca3da0329e5470f"
  integrity sha512-s8H00ZsRi29M2/lGdm1u8DJpJ9ML8SUOpVVBd33XNeEeL3NVaTiUcSBHzBdF3eAyR0l7VSpsuoVUGrRHq7aPwQ==
  optionalDependencies:
    fsevents "~2.3.2"

shortid@^2.2.15:
  version "2.2.15"
  resolved "https://registry.npm.taobao.org/shortid/download/shortid-2.2.15.tgz#2b902eaa93a69b11120373cd42a1f1fe4437c122"
  integrity sha1-K5AuqpOmmxESA3PNQqHx/kQ3wSI=
  dependencies:
    nanoid "^2.1.0"

source-map-js@^0.6.2:
  version "0.6.2"
  resolved "https://registry.npmjs.org/source-map-js/-/source-map-js-0.6.2.tgz#0bb5de631b41cfbda6cfba8bd05a80efdfd2385e"
  integrity sha512-/3GptzWzu0+0MBQFrDKzw/DvvMTUORvgY6k6jd/VS6iCR4RDTKWH6v6WPwQoUO8667uQEf9Oe38DxAYWY5F/Ug==

url@^0.11.0:
  version "0.11.0"
  resolved "https://registry.npm.taobao.org/url/download/url-0.11.0.tgz#3838e97cfc60521eb73c525a8e55bfdd9e2e28f1"
  integrity sha1-ODjpfPxgUh63PFJajlW/3Z4uKPE=
  dependencies:
    punycode "1.3.2"
    querystring "0.2.0"

vite@^2.5.0:
  version "2.5.0"
  resolved "https://registry.npmjs.org/vite/-/vite-2.5.0.tgz#111ba3679432d426e44566acf480005a7914cbd6"
  integrity sha512-Dn4B+g54PJsMG5WCc4QeFy1ygMXRdTtFrUPegqfk4+vzVQcbF/DqqmI/1bxezArzbujBJg/67QeT5wz8edfJVQ==
  dependencies:
    esbuild "^0.12.17"
    postcss "^8.3.6"
    resolve "^1.20.0"
    rollup "^2.38.5"
  optionalDependencies:
    fsevents "~2.3.2"
